# This file is automatically @generated by Poetry 2.1.1 and should not be changed by hand.

[[package]]
name = "click"
version = "8.1.8"
description = "Composable command line interface toolkit"
optional = false
python-versions = ">=3.7"
groups = ["main"]
files = [
    {file = "click-8.1.8-py3-none-any.whl", hash = "sha256:63c132bbbed01578a06712a2d1f497bb62d9c1c0d329b7903a866228027263b2"},
    {file = "click-8.1.8.tar.gz", hash = "sha256:ed53c9d8990d83c2a27deae68e4ee337473f6330c040a31d4225c9574d16096a"},
]

[package.dependencies]
colorama = {version = "*", markers = "platform_system == \"Windows\""}

[[package]]
name = "colorama"
version = "0.4.6"
description = "Cross-platform colored terminal text."
optional = false
python-versions = "!=3.0.*,!=3.1.*,!=3.2.*,!=3.3.*,!=3.4.*,!=3.5.*,!=3.6.*,>=2.7"
groups = ["main"]
markers = "platform_system == \"Windows\""
files = [
    {file = "colorama-0.4.6-py2.py3-none-any.whl", hash = "sha256:4f1d9991f5acc0ca119f9d443620b77f9d6b33703e51011c16baf57afb285fc6"},
    {file = "colorama-0.4.6.tar.gz", hash = "sha256:08695f5cb7ed6e0531a20572697297273c47b8cae5a63ffc6d6ed5c201be6e44"},
]

[[package]]
name = "pymupdf"
version = "1.25.3"
description = "A high performance Python library for data extraction, analysis, conversion & manipulation of PDF (and other) documents."
optional = false
python-versions = ">=3.9"
groups = ["main"]
files = [
    {file = "pymupdf-1.25.3-cp39-abi3-macosx_10_9_x86_64.whl", hash = "sha256:96878e1b748f9c2011aecb2028c5f96b5a347a9a91169130ad0133053d97915e"},
    {file = "pymupdf-1.25.3-cp39-abi3-macosx_11_0_arm64.whl", hash = "sha256:6ef753005b72ebfd23470f72f7e30f61e21b0b5e748045ec5b8f89e6e3068d62"},
    {file = "pymupdf-1.25.3-cp39-abi3-manylinux2014_x86_64.manylinux_2_17_x86_64.whl", hash = "sha256:46d90c4f9e62d1856e8db4b9f04a202ff4a7f086a816af73abdc86adb7f5e25a"},
    {file = "pymupdf-1.25.3-cp39-abi3-musllinux_1_2_x86_64.whl", hash = "sha256:a5de51efdbe4d486b6c1111c84e8a231cbfb426f3d6ff31ab530ad70e6f39756"},
    {file = "pymupdf-1.25.3-cp39-abi3-win32.whl", hash = "sha256:bca72e6089f985d800596e22973f79cc08af6cbff1d93e5bda9248326a03857c"},
    {file = "pymupdf-1.25.3-cp39-abi3-win_amd64.whl", hash = "sha256:4fb357438c9129fbf939b5af85323434df64e36759c399c376b62ad6da95498c"},
    {file = "pymupdf-1.25.3.tar.gz", hash = "sha256:b640187c64c5ac5d97505a92e836da299da79c2f689f3f94a67a37a493492193"},
]

[metadata]
lock-version = "2.1"
python-versions = ">=3.10"
content-hash = "0011b20b5b2c300c8451c74f85eef16ed272c0583da3906254f4af7655849031"
